
Microsoft Visual Studio Solution File, Format Version 12.00
# Visual Studio Version 16
VisualStudioVersion = 16.0.29001.49
MinimumVisualStudioVersion = 10.0.40219.1
Project("{9A19103F-16F7-4668-BE54-9A1E7A4F7556}") = "Bardiche", "Bardiche.csproj", "{B0DA2FBA-FC74-4379-BF64-DAC57A26A545}"
EndProject
Global
	GlobalSection(SolutionConfigurationPlatforms) = preSolution
		Debug|Any CPU = Debug|Any CPU
		Release|Any CPU = Release|Any CPU
	EndGlobalSection
	GlobalSection(ProjectConfigurationPlatforms) = postSolution
		{B0DA2FBA-FC74-4379-BF64-DAC57A26A545}.Debug|Any CPU.ActiveCfg = Debug|Any CPU
		{B0DA2FBA-FC74-4379-BF64-DAC57A26A545}.Debug|Any CPU.Build.0 = Debug|Any CPU
		{B0DA2FBA-FC74-4379-BF64-DAC57A26A545}.Release|Any CPU.ActiveCfg = Release|Any CPU
		{B0DA2FBA-FC74-4379-BF64-DAC57A26A545}.Release|Any CPU.Build.0 = Release|Any CPU
	EndGlobalSection
	GlobalSection(SolutionProperties) = preSolution
		HideSolutionNode = FALSE
	EndGlobalSection
	GlobalSection(ExtensibilityGlobals) = postSolution
		SolutionGuid = {C8217F0A-4100-46E2-BCA0-274B7009D9B2}
	EndGlobalSection
EndGlobal
